// !$*UTF8*$!
{
	archiveVersion = 1;
	classes = {
	};
	objectVersion = 50;
	objects = {

/* Begin PBXBuildFile section */
		80395B552248F5C10082410C /* CAEAGLLayerView.m in Sources */ = {isa = PBXBuildFile; fileRef = 80395B542248F5C10082410C /* CAEAGLLayerView.m */; };
		80395B58224904E80082410C /* AVPlayerLayerView.m in Sources */ = {isa = PBXBuildFile; fileRef = 80395B57224904E80082410C /* AVPlayerLayerView.m */; };
		80395B5A2249069C0082410C /* monkey.mp4 in Resources */ = {isa = PBXBuildFile; fileRef = 80395B592249069C0082410C /* monkey.mp4 */; };
		80395B5D22490C710082410C /* CALayerAnimationView.m in Sources */ = {isa = PBXBuildFile; fileRef = 80395B5C22490C710082410C /* CALayerAnimationView.m */; };
		80395B60224919230082410C /* CurveView.m in Sources */ = {isa = PBXBuildFile; fileRef = 80395B5F224919230082410C /* CurveView.m */; };
		80622C7F224E40A900FC3CA2 /* DrawImageView.m in Sources */ = {isa = PBXBuildFile; fileRef = 80622C7E224E40A900FC3CA2 /* DrawImageView.m */; };
		80622C81224E593400FC3CA2 /* cat.png in Resources */ = {isa = PBXBuildFile; fileRef = 80622C80224E593400FC3CA2 /* cat.png */; };
		80737E472245C69800BC4E91 /* AppDelegate.m in Sources */ = {isa = PBXBuildFile; fileRef = 80737E462245C69800BC4E91 /* AppDelegate.m */; };
		80737E4A2245C69800BC4E91 /* ViewController.m in Sources */ = {isa = PBXBuildFile; fileRef = 80737E492245C69800BC4E91 /* ViewController.m */; };
		80737E4D2245C69800BC4E91 /* Main.storyboard in Resources */ = {isa = PBXBuildFile; fileRef = 80737E4B2245C69800BC4E91 /* Main.storyboard */; };
		80737E4F2245C69A00BC4E91 /* Assets.xcassets in Resources */ = {isa = PBXBuildFile; fileRef = 80737E4E2245C69A00BC4E91 /* Assets.xcassets */; };
		80737E522245C69A00BC4E91 /* LaunchScreen.storyboard in Resources */ = {isa = PBXBuildFile; fileRef = 80737E502245C69A00BC4E91 /* LaunchScreen.storyboard */; };
		80737E552245C69A00BC4E91 /* main.m in Sources */ = {isa = PBXBuildFile; fileRef = 80737E542245C69A00BC4E91 /* main.m */; };
		80737E5F2245C69A00BC4E91 /* CoreAnimationTests.m in Sources */ = {isa = PBXBuildFile; fileRef = 80737E5E2245C69A00BC4E91 /* CoreAnimationTests.m */; };
		80737E6A2245C69A00BC4E91 /* CoreAnimationUITests.m in Sources */ = {isa = PBXBuildFile; fileRef = 80737E692245C69A00BC4E91 /* CoreAnimationUITests.m */; };
		80737E7D2245E5DF00BC4E91 /* minute@2x.png in Resources */ = {isa = PBXBuildFile; fileRef = 80737E792245E5DF00BC4E91 /* minute@2x.png */; };
		80737E7E2245E5DF00BC4E91 /* hour@2x.png in Resources */ = {isa = PBXBuildFile; fileRef = 80737E7A2245E5DF00BC4E91 /* hour@2x.png */; };
		80737E7F2245E5DF00BC4E91 /* clock@2x.png in Resources */ = {isa = PBXBuildFile; fileRef = 80737E7B2245E5DF00BC4E91 /* clock@2x.png */; };
		80737E802245E5DF00BC4E91 /* second@2x.png in Resources */ = {isa = PBXBuildFile; fileRef = 80737E7C2245E5DF00BC4E91 /* second@2x.png */; };
		80737E8322461AC500BC4E91 /* MatchstickMen.m in Sources */ = {isa = PBXBuildFile; fileRef = 80737E8222461AC500BC4E91 /* MatchstickMen.m */; };
		80737E862246218900BC4E91 /* CATextLayerView.m in Sources */ = {isa = PBXBuildFile; fileRef = 80737E852246218900BC4E91 /* CATextLayerView.m */; };
		80737E8922462CF400BC4E91 /* CATransformLayerView.m in Sources */ = {isa = PBXBuildFile; fileRef = 80737E8822462CF400BC4E91 /* CATransformLayerView.m */; };
		80737E8C2246653E00BC4E91 /* CAGradientLayerView.m in Sources */ = {isa = PBXBuildFile; fileRef = 80737E8B2246653E00BC4E91 /* CAGradientLayerView.m */; };
		80737E8F2246687800BC4E91 /* CAReplicatorLayerView.m in Sources */ = {isa = PBXBuildFile; fileRef = 80737E8E2246687800BC4E91 /* CAReplicatorLayerView.m */; };
		80737E9122466D7A00BC4E91 /* image.png in Resources */ = {isa = PBXBuildFile; fileRef = 80737E9022466D7900BC4E91 /* image.png */; };
		80737EAA2247319F00BC4E91 /* CAEmitterLayerView.m in Sources */ = {isa = PBXBuildFile; fileRef = 80737EA92247319F00BC4E91 /* CAEmitterLayerView.m */; };
		80737EAE2247352200BC4E91 /* snow.png in Resources */ = {isa = PBXBuildFile; fileRef = 80737EAD2247352200BC4E91 /* snow.png */; };
		80B98B27224D075300FC8F5E /* FillingView.m in Sources */ = {isa = PBXBuildFile; fileRef = 80B98B26224D075300FC8F5E /* FillingView.m */; };
/* End PBXBuildFile section */

/* Begin PBXContainerItemProxy section */
		80737E5B2245C69A00BC4E91 /* PBXContainerItemProxy */ = {
			isa = PBXContainerItemProxy;
			containerPortal = 80737E3A2245C69800BC4E91 /* Project object */;
			proxyType = 1;
			remoteGlobalIDString = 80737E412245C69800BC4E91;
			remoteInfo = CoreAnimation;
		};
		80737E662245C69A00BC4E91 /* PBXContainerItemProxy */ = {
			isa = PBXContainerItemProxy;
			containerPortal = 80737E3A2245C69800BC4E91 /* Project object */;
			proxyType = 1;
			remoteGlobalIDString = 80737E412245C69800BC4E91;
			remoteInfo = CoreAnimation;
		};
/* End PBXContainerItemProxy section */

/* Begin PBXFileReference section */
		80395B532248F5C10082410C /* CAEAGLLayerView.h */ = {isa = PBXFileReference; lastKnownFileType = sourcecode.c.h; path = CAEAGLLayerView.h; sourceTree = "<group>"; };
		80395B542248F5C10082410C /* CAEAGLLayerView.m */ = {isa = PBXFileReference; lastKnownFileType = sourcecode.c.objc; path = CAEAGLLayerView.m; sourceTree = "<group>"; };
		80395B56224904E80082410C /* AVPlayerLayerView.h */ = {isa = PBXFileReference; lastKnownFileType = sourcecode.c.h; path = AVPlayerLayerView.h; sourceTree = "<group>"; };
		80395B57224904E80082410C /* AVPlayerLayerView.m */ = {isa = PBXFileReference; lastKnownFileType = sourcecode.c.objc; path = AVPlayerLayerView.m; sourceTree = "<group>"; };
		80395B592249069C0082410C /* monkey.mp4 */ = {isa = PBXFileReference; lastKnownFileType = file; path = monkey.mp4; sourceTree = "<group>"; };
		80395B5B22490C710082410C /* CALayerAnimationView.h */ = {isa = PBXFileReference; lastKnownFileType = sourcecode.c.h; path = CALayerAnimationView.h; sourceTree = "<group>"; };
		80395B5C22490C710082410C /* CALayerAnimationView.m */ = {isa = PBXFileReference; lastKnownFileType = sourcecode.c.objc; path = CALayerAnimationView.m; sourceTree = "<group>"; };
		80395B5E224919230082410C /* CurveView.h */ = {isa = PBXFileReference; lastKnownFileType = sourcecode.c.h; path = CurveView.h; sourceTree = "<group>"; };
		80395B5F224919230082410C /* CurveView.m */ = {isa = PBXFileReference; lastKnownFileType = sourcecode.c.objc; path = CurveView.m; sourceTree = "<group>"; };
		80622C7D224E40A900FC3CA2 /* DrawImageView.h */ = {isa = PBXFileReference; lastKnownFileType = sourcecode.c.h; path = DrawImageView.h; sourceTree = "<group>"; };
		80622C7E224E40A900FC3CA2 /* DrawImageView.m */ = {isa = PBXFileReference; lastKnownFileType = sourcecode.c.objc; path = DrawImageView.m; sourceTree = "<group>"; };
		80622C80224E593400FC3CA2 /* cat.png */ = {isa = PBXFileReference; lastKnownFileType = image.png; path = cat.png; sourceTree = "<group>"; };
		80737E422245C69800BC4E91 /* CoreAnimation.app */ = {isa = PBXFileReference; explicitFileType = wrapper.application; includeInIndex = 0; path = CoreAnimation.app; sourceTree = BUILT_PRODUCTS_DIR; };
		80737E452245C69800BC4E91 /* AppDelegate.h */ = {isa = PBXFileReference; lastKnownFileType = sourcecode.c.h; path = AppDelegate.h; sourceTree = "<group>"; };
		80737E462245C69800BC4E91 /* AppDelegate.m */ = {isa = PBXFileReference; lastKnownFileType = sourcecode.c.objc; path = AppDelegate.m; sourceTree = "<group>"; };
		80737E482245C69800BC4E91 /* ViewController.h */ = {isa = PBXFileReference; lastKnownFileType = sourcecode.c.h; path = ViewController.h; sourceTree = "<group>"; };
		80737E492245C69800BC4E91 /* ViewController.m */ = {isa = PBXFileReference; lastKnownFileType = sourcecode.c.objc; path = ViewController.m; sourceTree = "<group>"; };
		80737E4C2245C69800BC4E91 /* Base */ = {isa = PBXFileReference; lastKnownFileType = file.storyboard; name = Base; path = Base.lproj/Main.storyboard; sourceTree = "<group>"; };
		80737E4E2245C69A00BC4E91 /* Assets.xcassets */ = {isa = PBXFileReference; lastKnownFileType = folder.assetcatalog; path = Assets.xcassets; sourceTree = "<group>"; };
		80737E512245C69A00BC4E91 /* Base */ = {isa = PBXFileReference; lastKnownFileType = file.storyboard; name = Base; path = Base.lproj/LaunchScreen.storyboard; sourceTree = "<group>"; };
		80737E532245C69A00BC4E91 /* Info.plist */ = {isa = PBXFileReference; lastKnownFileType = text.plist.xml; path = Info.plist; sourceTree = "<group>"; };
		80737E542245C69A00BC4E91 /* main.m */ = {isa = PBXFileReference; lastKnownFileType = sourcecode.c.objc; path = main.m; sourceTree = "<group>"; };
		80737E5A2245C69A00BC4E91 /* CoreAnimationTests.xctest */ = {isa = PBXFileReference; explicitFileType = wrapper.cfbundle; includeInIndex = 0; path = CoreAnimationTests.xctest; sourceTree = BUILT_PRODUCTS_DIR; };
		80737E5E2245C69A00BC4E91 /* CoreAnimationTests.m */ = {isa = PBXFileReference; lastKnownFileType = sourcecode.c.objc; path = CoreAnimationTests.m; sourceTree = "<group>"; };
		80737E602245C69A00BC4E91 /* Info.plist */ = {isa = PBXFileReference; lastKnownFileType = text.plist.xml; path = Info.plist; sourceTree = "<group>"; };
		80737E652245C69A00BC4E91 /* CoreAnimationUITests.xctest */ = {isa = PBXFileReference; explicitFileType = wrapper.cfbundle; includeInIndex = 0; path = CoreAnimationUITests.xctest; sourceTree = BUILT_PRODUCTS_DIR; };
		80737E692245C69A00BC4E91 /* CoreAnimationUITests.m */ = {isa = PBXFileReference; lastKnownFileType = sourcecode.c.objc; path = CoreAnimationUITests.m; sourceTree = "<group>"; };
		80737E6B2245C69A00BC4E91 /* Info.plist */ = {isa = PBXFileReference; lastKnownFileType = text.plist.xml; path = Info.plist; sourceTree = "<group>"; };
		80737E792245E5DF00BC4E91 /* minute@2x.png */ = {isa = PBXFileReference; lastKnownFileType = image.png; path = "minute@2x.png"; sourceTree = "<group>"; };
		80737E7A2245E5DF00BC4E91 /* hour@2x.png */ = {isa = PBXFileReference; lastKnownFileType = image.png; path = "hour@2x.png"; sourceTree = "<group>"; };
		80737E7B2245E5DF00BC4E91 /* clock@2x.png */ = {isa = PBXFileReference; lastKnownFileType = image.png; path = "clock@2x.png"; sourceTree = "<group>"; };
		80737E7C2245E5DF00BC4E91 /* second@2x.png */ = {isa = PBXFileReference; lastKnownFileType = image.png; path = "second@2x.png"; sourceTree = "<group>"; };
		80737E8122461AC500BC4E91 /* MatchstickMen.h */ = {isa = PBXFileReference; lastKnownFileType = sourcecode.c.h; path = MatchstickMen.h; sourceTree = "<group>"; };
		80737E8222461AC500BC4E91 /* MatchstickMen.m */ = {isa = PBXFileReference; lastKnownFileType = sourcecode.c.objc; path = MatchstickMen.m; sourceTree = "<group>"; };
		80737E842246218900BC4E91 /* CATextLayerView.h */ = {isa = PBXFileReference; lastKnownFileType = sourcecode.c.h; path = CATextLayerView.h; sourceTree = "<group>"; };
		80737E852246218900BC4E91 /* CATextLayerView.m */ = {isa = PBXFileReference; lastKnownFileType = sourcecode.c.objc; path = CATextLayerView.m; sourceTree = "<group>"; };
		80737E8722462CF400BC4E91 /* CATransformLayerView.h */ = {isa = PBXFileReference; lastKnownFileType = sourcecode.c.h; path = CATransformLayerView.h; sourceTree = "<group>"; };
		80737E8822462CF400BC4E91 /* CATransformLayerView.m */ = {isa = PBXFileReference; lastKnownFileType = sourcecode.c.objc; path = CATransformLayerView.m; sourceTree = "<group>"; };
		80737E8A2246653E00BC4E91 /* CAGradientLayerView.h */ = {isa = PBXFileReference; lastKnownFileType = sourcecode.c.h; path = CAGradientLayerView.h; sourceTree = "<group>"; };
		80737E8B2246653E00BC4E91 /* CAGradientLayerView.m */ = {isa = PBXFileReference; lastKnownFileType = sourcecode.c.objc; path = CAGradientLayerView.m; sourceTree = "<group>"; };
		80737E8D2246687800BC4E91 /* CAReplicatorLayerView.h */ = {isa = PBXFileReference; lastKnownFileType = sourcecode.c.h; path = CAReplicatorLayerView.h; sourceTree = "<group>"; };
		80737E8E2246687800BC4E91 /* CAReplicatorLayerView.m */ = {isa = PBXFileReference; lastKnownFileType = sourcecode.c.objc; path = CAReplicatorLayerView.m; sourceTree = "<group>"; };
		80737E9022466D7900BC4E91 /* image.png */ = {isa = PBXFileReference; lastKnownFileType = image.png; path = image.png; sourceTree = "<group>"; };
		80737EA82247319F00BC4E91 /* CAEmitterLayerView.h */ = {isa = PBXFileReference; lastKnownFileType = sourcecode.c.h; path = CAEmitterLayerView.h; sourceTree = "<group>"; };
		80737EA92247319F00BC4E91 /* CAEmitterLayerView.m */ = {isa = PBXFileReference; lastKnownFileType = sourcecode.c.objc; path = CAEmitterLayerView.m; sourceTree = "<group>"; };
		80737EAD2247352200BC4E91 /* snow.png */ = {isa = PBXFileReference; lastKnownFileType = image.png; path = snow.png; sourceTree = "<group>"; };
		80B98B25224D075300FC8F5E /* FillingView.h */ = {isa = PBXFileReference; lastKnownFileType = sourcecode.c.h; path = FillingView.h; sourceTree = "<group>"; };
		80B98B26224D075300FC8F5E /* FillingView.m */ = {isa = PBXFileReference; lastKnownFileType = sourcecode.c.objc; path = FillingView.m; sourceTree = "<group>"; };
/* End PBXFileReference section */

/* Begin PBXFrameworksBuildPhase section */
		80737E3F2245C69800BC4E91 /* Frameworks */ = {
			isa = PBXFrameworksBuildPhase;
			buildActionMask = 2147483647;
			files = (
			);
			runOnlyForDeploymentPostprocessing = 0;
		};
		80737E572245C69A00BC4E91 /* Frameworks */ = {
			isa = PBXFrameworksBuildPhase;
			buildActionMask = 2147483647;
			files = (
			);
			runOnlyForDeploymentPostprocessing = 0;
		};
		80737E622245C69A00BC4E91 /* Frameworks */ = {
			isa = PBXFrameworksBuildPhase;
			buildActionMask = 2147483647;
			files = (
			);
			runOnlyForDeploymentPostprocessing = 0;
		};
/* End PBXFrameworksBuildPhase section */

/* Begin PBXGroup section */
		80395B61224921B60082410C /* AnimationView */ = {
			isa = PBXGroup;
			children = (
				80737E8122461AC500BC4E91 /* MatchstickMen.h */,
				80737E8222461AC500BC4E91 /* MatchstickMen.m */,
				80737E842246218900BC4E91 /* CATextLayerView.h */,
				80737E852246218900BC4E91 /* CATextLayerView.m */,
				80737E8722462CF400BC4E91 /* CATransformLayerView.h */,
				80737E8822462CF400BC4E91 /* CATransformLayerView.m */,
				80737E8A2246653E00BC4E91 /* CAGradientLayerView.h */,
				80737E8B2246653E00BC4E91 /* CAGradientLayerView.m */,
				80737E8D2246687800BC4E91 /* CAReplicatorLayerView.h */,
				80737E8E2246687800BC4E91 /* CAReplicatorLayerView.m */,
				80737EA82247319F00BC4E91 /* CAEmitterLayerView.h */,
				80737EA92247319F00BC4E91 /* CAEmitterLayerView.m */,
				80395B532248F5C10082410C /* CAEAGLLayerView.h */,
				80395B542248F5C10082410C /* CAEAGLLayerView.m */,
				80395B56224904E80082410C /* AVPlayerLayerView.h */,
				80395B57224904E80082410C /* AVPlayerLayerView.m */,
				80395B5B22490C710082410C /* CALayerAnimationView.h */,
				80395B5C22490C710082410C /* CALayerAnimationView.m */,
				80395B5E224919230082410C /* CurveView.h */,
				80395B5F224919230082410C /* CurveView.m */,
				80B98B25224D075300FC8F5E /* FillingView.h */,
				80B98B26224D075300FC8F5E /* FillingView.m */,
				80622C7D224E40A900FC3CA2 /* DrawImageView.h */,
				80622C7E224E40A900FC3CA2 /* DrawImageView.m */,
			);
			path = AnimationView;
			sourceTree = "<group>";
		};
		80395B62224921DE0082410C /* Resources */ = {
			isa = PBXGroup;
			children = (
				80622C80224E593400FC3CA2 /* cat.png */,
				80395B592249069C0082410C /* monkey.mp4 */,
				80737EAD2247352200BC4E91 /* snow.png */,
				80737E9022466D7900BC4E91 /* image.png */,
				80737E7B2245E5DF00BC4E91 /* clock@2x.png */,
				80737E7A2245E5DF00BC4E91 /* hour@2x.png */,
				80737E792245E5DF00BC4E91 /* minute@2x.png */,
				80737E7C2245E5DF00BC4E91 /* second@2x.png */,
			);
			path = Resources;
			sourceTree = "<group>";
		};
		80737E392245C69800BC4E91 = {
			isa = PBXGroup;
			children = (
				80737E442245C69800BC4E91 /* CoreAnimation */,
				80737E5D2245C69A00BC4E91 /* CoreAnimationTests */,
				80737E682245C69A00BC4E91 /* CoreAnimationUITests */,
				80737E432245C69800BC4E91 /* Products */,
			);
			sourceTree = "<group>";
		};
		80737E432245C69800BC4E91 /* Products */ = {
			isa = PBXGroup;
			children = (
				80737E422245C69800BC4E91 /* CoreAnimation.app */,
				80737E5A2245C69A00BC4E91 /* CoreAnimationTests.xctest */,
				80737E652245C69A00BC4E91 /* CoreAnimationUITests.xctest */,
			);
			name = Products;
			sourceTree = "<group>";
		};
		80737E442245C69800BC4E91 /* CoreAnimation */ = {
			isa = PBXGroup;
			children = (
				80737E452245C69800BC4E91 /* AppDelegate.h */,
				80737E462245C69800BC4E91 /* AppDelegate.m */,
				80737E482245C69800BC4E91 /* ViewController.h */,
				80737E492245C69800BC4E91 /* ViewController.m */,
				80395B61224921B60082410C /* AnimationView */,
				80737E4B2245C69800BC4E91 /* Main.storyboard */,
				80395B62224921DE0082410C /* Resources */,
				80737E4E2245C69A00BC4E91 /* Assets.xcassets */,
				80737E502245C69A00BC4E91 /* LaunchScreen.storyboard */,
				80737E532245C69A00BC4E91 /* Info.plist */,
				80737E542245C69A00BC4E91 /* main.m */,
			);
			path = CoreAnimation;
			sourceTree = "<group>";
		};
		80737E5D2245C69A00BC4E91 /* CoreAnimationTests */ = {
			isa = PBXGroup;
			children = (
				80737E5E2245C69A00BC4E91 /* CoreAnimationTests.m */,
				80737E602245C69A00BC4E91 /* Info.plist */,
			);
			path = CoreAnimationTests;
			sourceTree = "<group>";
		};
		80737E682245C69A00BC4E91 /* CoreAnimationUITests */ = {
			isa = PBXGroup;
			children = (
				80737E692245C69A00BC4E91 /* CoreAnimationUITests.m */,
				80737E6B2245C69A00BC4E91 /* Info.plist */,
			);
			path = CoreAnimationUITests;
			sourceTree = "<group>";
		};
/* End PBXGroup section */

/* Begin PBXNativeTarget section */
		80737E412245C69800BC4E91 /* CoreAnimation */ = {
			isa = PBXNativeTarget;
			buildConfigurationList = 80737E6E2245C69A00BC4E91 /* Build configuration list for PBXNativeTarget "CoreAnimation" */;
			buildPhases = (
				80737E3E2245C69800BC4E91 /* Sources */,
				80737E3F2245C69800BC4E91 /* Frameworks */,
				80737E402245C69800BC4E91 /* Resources */,
			);
			buildRules = (
			);
			dependencies = (
			);
			name = CoreAnimation;
			productName = CoreAnimation;
			productReference = 80737E422245C69800BC4E91 /* CoreAnimation.app */;
			productType = "com.apple.product-type.application";
		};
		80737E592245C69A00BC4E91 /* CoreAnimationTests */ = {
			isa = PBXNativeTarget;
			buildConfigurationList = 80737E712245C69A00BC4E91 /* Build configuration list for PBXNativeTarget "CoreAnimationTests" */;
			buildPhases = (
				80737E562245C69A00BC4E91 /* Sources */,
				80737E572245C69A00BC4E91 /* Frameworks */,
				80737E582245C69A00BC4E91 /* Resources */,
			);
			buildRules = (
			);
			dependencies = (
				80737E5C2245C69A00BC4E91 /* PBXTargetDependency */,
			);
			name = CoreAnimationTests;
			productName = CoreAnimationTests;
			productReference = 80737E5A2245C69A00BC4E91 /* CoreAnimationTests.xctest */;
			productType = "com.apple.product-type.bundle.unit-test";
		};
		80737E642245C69A00BC4E91 /* CoreAnimationUITests */ = {
			isa = PBXNativeTarget;
			buildConfigurationList = 80737E742245C69A00BC4E91 /* Build configuration list for PBXNativeTarget "CoreAnimationUITests" */;
			buildPhases = (
				80737E612245C69A00BC4E91 /* Sources */,
				80737E622245C69A00BC4E91 /* Frameworks */,
				80737E632245C69A00BC4E91 /* Resources */,
			);
			buildRules = (
			);
			dependencies = (
				80737E672245C69A00BC4E91 /* PBXTargetDependency */,
			);
			name = CoreAnimationUITests;
			productName = CoreAnimationUITests;
			productReference = 80737E652245C69A00BC4E91 /* CoreAnimationUITests.xctest */;
			productType = "com.apple.product-type.bundle.ui-testing";
		};
/* End PBXNativeTarget section */

/* Begin PBXProject section */
		80737E3A2245C69800BC4E91 /* Project object */ = {
			isa = PBXProject;
			attributes = {
				LastUpgradeCheck = 1010;
				ORGANIZATIONNAME = "杜玉伟";
				TargetAttributes = {
					80737E412245C69800BC4E91 = {
						CreatedOnToolsVersion = 10.1;
					};
					80737E592245C69A00BC4E91 = {
						CreatedOnToolsVersion = 10.1;
						TestTargetID = 80737E412245C69800BC4E91;
					};
					80737E642245C69A00BC4E91 = {
						CreatedOnToolsVersion = 10.1;
						TestTargetID = 80737E412245C69800BC4E91;
					};
				};
			};
			buildConfigurationList = 80737E3D2245C69800BC4E91 /* Build configuration list for PBXProject "CoreAnimation" */;
			compatibilityVersion = "Xcode 9.3";
			developmentRegion = en;
			hasScannedForEncodings = 0;
			knownRegions = (
				en,
				Base,
			);
			mainGroup = 80737E392245C69800BC4E91;
			productRefGroup = 80737E432245C69800BC4E91 /* Products */;
			projectDirPath = "";
			projectRoot = "";
			targets = (
				80737E412245C69800BC4E91 /* CoreAnimation */,
				80737E592245C69A00BC4E91 /* CoreAnimationTests */,
				80737E642245C69A00BC4E91 /* CoreAnimationUITests */,
			);
		};
/* End PBXProject section */

/* Begin PBXResourcesBuildPhase section */
		80737E402245C69800BC4E91 /* Resources */ = {
			isa = PBXResourcesBuildPhase;
			buildActionMask = 2147483647;
			files = (
				80737EAE2247352200BC4E91 /* snow.png in Resources */,
				80737E7E2245E5DF00BC4E91 /* hour@2x.png in Resources */,
				80737E522245C69A00BC4E91 /* LaunchScreen.storyboard in Resources */,
				80737E9122466D7A00BC4E91 /* image.png in Resources */,
				80737E4F2245C69A00BC4E91 /* Assets.xcassets in Resources */,
				80737E7F2245E5DF00BC4E91 /* clock@2x.png in Resources */,
				80737E7D2245E5DF00BC4E91 /* minute@2x.png in Resources */,
				80737E802245E5DF00BC4E91 /* second@2x.png in Resources */,
				80622C81224E593400FC3CA2 /* cat.png in Resources */,
				80395B5A2249069C0082410C /* monkey.mp4 in Resources */,
				80737E4D2245C69800BC4E91 /* Main.storyboard in Resources */,
			);
			runOnlyForDeploymentPostprocessing = 0;
		};
		80737E582245C69A00BC4E91 /* Resources */ = {
			isa = PBXResourcesBuildPhase;
			buildActionMask = 2147483647;
			files = (
			);
			runOnlyForDeploymentPostprocessing = 0;
		};
		80737E632245C69A00BC4E91 /* Resources */ = {
			isa = PBXResourcesBuildPhase;
			buildActionMask = 2147483647;
			files = (
			);
			runOnlyForDeploymentPostprocessing = 0;
		};
/* End PBXResourcesBuildPhase section */

/* Begin PBXSourcesBuildPhase section */
		80737E3E2245C69800BC4E91 /* Sources */ = {
			isa = PBXSourcesBuildPhase;
			buildActionMask = 2147483647;
			files = (
				80737E4A2245C69800BC4E91 /* ViewController.m in Sources */,
				80395B58224904E80082410C /* AVPlayerLayerView.m in Sources */,
				80737E862246218900BC4E91 /* CATextLayerView.m in Sources */,
				80737E8C2246653E00BC4E91 /* CAGradientLayerView.m in Sources */,
				80737E8F2246687800BC4E91 /* CAReplicatorLayerView.m in Sources */,
				80737E8322461AC500BC4E91 /* MatchstickMen.m in Sources */,
				80395B552248F5C10082410C /* CAEAGLLayerView.m in Sources */,
				80737E552245C69A00BC4E91 /* main.m in Sources */,
				80737EAA2247319F00BC4E91 /* CAEmitterLayerView.m in Sources */,
				80395B5D22490C710082410C /* CALayerAnimationView.m in Sources */,
				80395B60224919230082410C /* CurveView.m in Sources */,
				80737E472245C69800BC4E91 /* AppDelegate.m in Sources */,
				80B98B27224D075300FC8F5E /* FillingView.m in Sources */,
				80737E8922462CF400BC4E91 /* CATransformLayerView.m in Sources */,
				80622C7F224E40A900FC3CA2 /* DrawImageView.m in Sources */,
			);
			runOnlyForDeploymentPostprocessing = 0;
		};
		80737E562245C69A00BC4E91 /* Sources */ = {
			isa = PBXSourcesBuildPhase;
			buildActionMask = 2147483647;
			files = (
				80737E5F2245C69A00BC4E91 /* CoreAnimationTests.m in Sources */,
			);
			runOnlyForDeploymentPostprocessing = 0;
		};
		80737E612245C69A00BC4E91 /* Sources */ = {
			isa = PBXSourcesBuildPhase;
			buildActionMask = 2147483647;
			files = (
				80737E6A2245C69A00BC4E91 /* CoreAnimationUITests.m in Sources */,
			);
			runOnlyForDeploymentPostprocessing = 0;
		};
/* End PBXSourcesBuildPhase section */

/* Begin PBXTargetDependency section */
		80737E5C2245C69A00BC4E91 /* PBXTargetDependency */ = {
			isa = PBXTargetDependency;
			target = 80737E412245C69800BC4E91 /* CoreAnimation */;
			targetProxy = 80737E5B2245C69A00BC4E91 /* PBXContainerItemProxy */;
		};
		80737E672245C69A00BC4E91 /* PBXTargetDependency */ = {
			isa = PBXTargetDependency;
			target = 80737E412245C69800BC4E91 /* CoreAnimation */;
			targetProxy = 80737E662245C69A00BC4E91 /* PBXContainerItemProxy */;
		};
/* End PBXTargetDependency section */

/* Begin PBXVariantGroup section */
		80737E4B2245C69800BC4E91 /* Main.storyboard */ = {
			isa = PBXVariantGroup;
			children = (
				80737E4C2245C69800BC4E91 /* Base */,
			);
			name = Main.storyboard;
			sourceTree = "<group>";
		};
		80737E502245C69A00BC4E91 /* LaunchScreen.storyboard */ = {
			isa = PBXVariantGroup;
			children = (
				80737E512245C69A00BC4E91 /* Base */,
			);
			name = LaunchScreen.storyboard;
			sourceTree = "<group>";
		};
/* End PBXVariantGroup section */

/* Begin XCBuildConfiguration section */
		80737E6C2245C69A00BC4E91 /* Debug */ = {
			isa = XCBuildConfiguration;
			buildSettings = {
				ALWAYS_SEARCH_USER_PATHS = NO;
				CLANG_ANALYZER_NONNULL = YES;
				CLANG_ANALYZER_NUMBER_OBJECT_CONVERSION = YES_AGGRESSIVE;
				CLANG_CXX_LANGUAGE_STANDARD = "gnu++14";
				CLANG_CXX_LIBRARY = "libc++";
				CLANG_ENABLE_MODULES = YES;
				CLANG_ENABLE_OBJC_ARC = YES;
				CLANG_ENABLE_OBJC_WEAK = YES;
				CLANG_WARN_BLOCK_CAPTURE_AUTORELEASING = YES;
				CLANG_WARN_BOOL_CONVERSION = YES;
				CLANG_WARN_COMMA = YES;
				CLANG_WARN_CONSTANT_CONVERSION = YES;
				CLANG_WARN_DEPRECATED_OBJC_IMPLEMENTATIONS = YES;
				CLANG_WARN_DIRECT_OBJC_ISA_USAGE = YES_ERROR;
				CLANG_WARN_DOCUMENTATION_COMMENTS = YES;
				CLANG_WARN_EMPTY_BODY = YES;
				CLANG_WARN_ENUM_CONVERSION = YES;
				CLANG_WARN_INFINITE_RECURSION = YES;
				CLANG_WARN_INT_CONVERSION = YES;
				CLANG_WARN_NON_LITERAL_NULL_CONVERSION = YES;
				CLANG_WARN_OBJC_IMPLICIT_RETAIN_SELF = YES;
				CLANG_WARN_OBJC_LITERAL_CONVERSION = YES;
				CLANG_WARN_OBJC_ROOT_CLASS = YES_ERROR;
				CLANG_WARN_RANGE_LOOP_ANALYSIS = YES;
				CLANG_WARN_STRICT_PROTOTYPES = YES;
				CLANG_WARN_SUSPICIOUS_MOVE = YES;
				CLANG_WARN_UNGUARDED_AVAILABILITY = YES_AGGRESSIVE;
				CLANG_WARN_UNREACHABLE_CODE = YES;
				CLANG_WARN__DUPLICATE_METHOD_MATCH = YES;
				CODE_SIGN_IDENTITY = "iPhone Developer";
				COPY_PHASE_STRIP = NO;
				DEBUG_INFORMATION_FORMAT = dwarf;
				ENABLE_STRICT_OBJC_MSGSEND = YES;
				ENABLE_TESTABILITY = YES;
				GCC_C_LANGUAGE_STANDARD = gnu11;
				GCC_DYNAMIC_NO_PIC = NO;
				GCC_NO_COMMON_BLOCKS = YES;
				GCC_OPTIMIZATION_LEVEL = 0;
				GCC_PREPROCESSOR_DEFINITIONS = (
					"DEBUG=1",
					"$(inherited)",
				);
				GCC_WARN_64_TO_32_BIT_CONVERSION = YES;
				GCC_WARN_ABOUT_RETURN_TYPE = YES_ERROR;
				GCC_WARN_UNDECLARED_SELECTOR = YES;
				GCC_WARN_UNINITIALIZED_AUTOS = YES_AGGRESSIVE;
				GCC_WARN_UNUSED_FUNCTION = YES;
				GCC_WARN_UNUSED_VARIABLE = YES;
				IPHONEOS_DEPLOYMENT_TARGET = 12.1;
				MTL_ENABLE_DEBUG_INFO = INCLUDE_SOURCE;
				MTL_FAST_MATH = YES;
				ONLY_ACTIVE_ARCH = YES;
				SDKROOT = iphoneos;
			};
			name = Debug;
		};
		80737E6D2245C69A00BC4E91 /* Release */ = {
			isa = XCBuildConfiguration;
			buildSettings = {
				ALWAYS_SEARCH_USER_PATHS = NO;
				CLANG_ANALYZER_NONNULL = YES;
				CLANG_ANALYZER_NUMBER_OBJECT_CONVERSION = YES_AGGRESSIVE;
				CLANG_CXX_LANGUAGE_STANDARD = "gnu++14";
				CLANG_CXX_LIBRARY = "libc++";
				CLANG_ENABLE_MODULES = YES;
				CLANG_ENABLE_OBJC_ARC = YES;
				CLANG_ENABLE_OBJC_WEAK = YES;
				CLANG_WARN_BLOCK_CAPTURE_AUTORELEASING = YES;
				CLANG_WARN_BOOL_CONVERSION = YES;
				CLANG_WARN_COMMA = YES;
				CLANG_WARN_CONSTANT_CONVERSION = YES;
				CLANG_WARN_DEPRECATED_OBJC_IMPLEMENTATIONS = YES;
				CLANG_WARN_DIRECT_OBJC_ISA_USAGE = YES_ERROR;
				CLANG_WARN_DOCUMENTATION_COMMENTS = YES;
				CLANG_WARN_EMPTY_BODY = YES;
				CLANG_WARN_ENUM_CONVERSION = YES;
				CLANG_WARN_INFINITE_RECURSION = YES;
				CLANG_WARN_INT_CONVERSION = YES;
				CLANG_WARN_NON_LITERAL_NULL_CONVERSION = YES;
				CLANG_WARN_OBJC_IMPLICIT_RETAIN_SELF = YES;
				CLANG_WARN_OBJC_LITERAL_CONVERSION = YES;
				CLANG_WARN_OBJC_ROOT_CLASS = YES_ERROR;
				CLANG_WARN_RANGE_LOOP_ANALYSIS = YES;
				CLANG_WARN_STRICT_PROTOTYPES = YES;
				CLANG_WARN_SUSPICIOUS_MOVE = YES;
				CLANG_WARN_UNGUARDED_AVAILABILITY = YES_AGGRESSIVE;
				CLANG_WARN_UNREACHABLE_CODE = YES;
				CLANG_WARN__DUPLICATE_METHOD_MATCH = YES;
				CODE_SIGN_IDENTITY = "iPhone Developer";
				COPY_PHASE_STRIP = NO;
				DEBUG_INFORMATION_FORMAT = "dwarf-with-dsym";
				ENABLE_NS_ASSERTIONS = NO;
				ENABLE_STRICT_OBJC_MSGSEND = YES;
				GCC_C_LANGUAGE_STANDARD = gnu11;
				GCC_NO_COMMON_BLOCKS = YES;
				GCC_WARN_64_TO_32_BIT_CONVERSION = YES;
				GCC_WARN_ABOUT_RETURN_TYPE = YES_ERROR;
				GCC_WARN_UNDECLARED_SELECTOR = YES;
				GCC_WARN_UNINITIALIZED_AUTOS = YES_AGGRESSIVE;
				GCC_WARN_UNUSED_FUNCTION = YES;
				GCC_WARN_UNUSED_VARIABLE = YES;
				IPHONEOS_DEPLOYMENT_TARGET = 12.1;
				MTL_ENABLE_DEBUG_INFO = NO;
				MTL_FAST_MATH = YES;
				SDKROOT = iphoneos;
				VALIDATE_PRODUCT = YES;
			};
			name = Release;
		};
		80737E6F2245C69A00BC4E91 /* Debug */ = {
			isa = XCBuildConfiguration;
			buildSettings = {
				ASSETCATALOG_COMPILER_APPICON_NAME = AppIcon;
				CODE_SIGN_STYLE = Automatic;
				INFOPLIST_FILE = CoreAnimation/Info.plist;
				IPHONEOS_DEPLOYMENT_TARGET = 9.0;
				LD_RUNPATH_SEARCH_PATHS = (
					"$(inherited)",
					"@executable_path/Frameworks",
				);
				PRODUCT_BUNDLE_IDENTIFIER = dyw.CoreAnimation;
				PRODUCT_NAME = "$(TARGET_NAME)";
				TARGETED_DEVICE_FAMILY = "1,2";
			};
			name = Debug;
		};
		80737E702245C69A00BC4E91 /* Release */ = {
			isa = XCBuildConfiguration;
			buildSettings = {
				ASSETCATALOG_COMPILER_APPICON_NAME = AppIcon;
				CODE_SIGN_STYLE = Automatic;
				INFOPLIST_FILE = CoreAnimation/Info.plist;
				IPHONEOS_DEPLOYMENT_TARGET = 9.0;
				LD_RUNPATH_SEARCH_PATHS = (
					"$(inherited)",
					"@executable_path/Frameworks",
				);
				PRODUCT_BUNDLE_IDENTIFIER = dyw.CoreAnimation;
				PRODUCT_NAME = "$(TARGET_NAME)";
				TARGETED_DEVICE_FAMILY = "1,2";
			};
			name = Release;
		};
		80737E722245C69A00BC4E91 /* Debug */ = {
			isa = XCBuildConfiguration;
			buildSettings = {
				BUNDLE_LOADER = "$(TEST_HOST)";
				CODE_SIGN_STYLE = Automatic;
				INFOPLIST_FILE = CoreAnimationTests/Info.plist;
				LD_RUNPATH_SEARCH_PATHS = (
					"$(inherited)",
					"@executable_path/Frameworks",
					"@loader_path/Frameworks",
				);
				PRODUCT_BUNDLE_IDENTIFIER = dyw.CoreAnimationTests;
				PRODUCT_NAME = "$(TARGET_NAME)";
				TARGETED_DEVICE_FAMILY = "1,2";
				TEST_HOST = "$(BUILT_PRODUCTS_DIR)/CoreAnimation.app/CoreAnimation";
			};
			name = Debug;
		};
		80737E732245C69A00BC4E91 /* Release */ = {
			isa = XCBuildConfiguration;
			buildSettings = {
				BUNDLE_LOADER = "$(TEST_HOST)";
				CODE_SIGN_STYLE = Automatic;
				INFOPLIST_FILE = CoreAnimationTests/Info.plist;
				LD_RUNPATH_SEARCH_PATHS = (
					"$(inherited)",
					"@executable_path/Frameworks",
					"@loader_path/Frameworks",
				);
				PRODUCT_BUNDLE_IDENTIFIER = dyw.CoreAnimationTests;
				PRODUCT_NAME = "$(TARGET_NAME)";
				TARGETED_DEVICE_FAMILY = "1,2";
				TEST_HOST = "$(BUILT_PRODUCTS_DIR)/CoreAnimation.app/CoreAnimation";
			};
			name = Release;
		};
		80737E752245C69A00BC4E91 /* Debug */ = {
			isa = XCBuildConfiguration;
			buildSettings = {
				CODE_SIGN_STYLE = Automatic;
				INFOPLIST_FILE = CoreAnimationUITests/Info.plist;
				LD_RUNPATH_SEARCH_PATHS = (
					"$(inherited)",
					"@executable_path/Frameworks",
					"@loader_path/Frameworks",
				);
				PRODUCT_BUNDLE_IDENTIFIER = dyw.CoreAnimationUITests;
				PRODUCT_NAME = "$(TARGET_NAME)";
				TARGETED_DEVICE_FAMILY = "1,2";
				TEST_TARGET_NAME = CoreAnimation;
			};
			name = Debug;
		};
		80737E762245C69A00BC4E91 /* Release */ = {
			isa = XCBuildConfiguration;
			buildSettings = {
				CODE_SIGN_STYLE = Automatic;
				INFOPLIST_FILE = CoreAnimationUITests/Info.plist;
				LD_RUNPATH_SEARCH_PATHS = (
					"$(inherited)",
					"@executable_path/Frameworks",
					"@loader_path/Frameworks",
				);
				PRODUCT_BUNDLE_IDENTIFIER = dyw.CoreAnimationUITests;
				PRODUCT_NAME = "$(TARGET_NAME)";
				TARGETED_DEVICE_FAMILY = "1,2";
				TEST_TARGET_NAME = CoreAnimation;
			};
			name = Release;
		};
/* End XCBuildConfiguration section */

/* Begin XCConfigurationList section */
		80737E3D2245C69800BC4E91 /* Build configuration list for PBXProject "CoreAnimation" */ = {
			isa = XCConfigurationList;
			buildConfigurations = (
				80737E6C2245C69A00BC4E91 /* Debug */,
				80737E6D2245C69A00BC4E91 /* Release */,
			);
			defaultConfigurationIsVisible = 0;
			defaultConfigurationName = Release;
		};
		80737E6E2245C69A00BC4E91 /* Build configuration list for PBXNativeTarget "CoreAnimation" */ = {
			isa = XCConfigurationList;
			buildConfigurations = (
				80737E6F2245C69A00BC4E91 /* Debug */,
				80737E702245C69A00BC4E91 /* Release */,
			);
			defaultConfigurationIsVisible = 0;
			defaultConfigurationName = Release;
		};
		80737E712245C69A00BC4E91 /* Build configuration list for PBXNativeTarget "CoreAnimationTests" */ = {
			isa = XCConfigurationList;
			buildConfigurations = (
				80737E722245C69A00BC4E91 /* Debug */,
				80737E732245C69A00BC4E91 /* Release */,
			);
			defaultConfigurationIsVisible = 0;
			defaultConfigurationName = Release;
		};
		80737E742245C69A00BC4E91 /* Build configuration list for PBXNativeTarget "CoreAnimationUITests" */ = {
			isa = XCConfigurationList;
			buildConfigurations = (
				80737E752245C69A00BC4E91 /* Debug */,
				80737E762245C69A00BC4E91 /* Release */,
			);
			defaultConfigurationIsVisible = 0;
			defaultConfigurationName = Release;
		};
/* End XCConfigurationList section */
	};
	rootObject = 80737E3A2245C69800BC4E91 /* Project object */;
}
